{
    "_readme": [
        "This file locks the dependencies of your project to a known state",
        "Read more about it at https://getcomposer.org/doc/01-basic-usage.md#composer-lock-the-lock-file",
        "This file is @generated automatically"
    ],
    "hash": "06d2b64e7f79a603c84a4586e08b92a3",
    "packages": [
        {
            "name": "pulsestorm/magento-tar-to-connect",
            "version": "dev-master",
            "source": {
                "type": "git",
                "url": "git@github.com:sirateck/MagentoTarToConnect.git",
                "reference": "9214251c60ee4a35f68545ee0a00faa380271f5b"
            },
            "require-dev": {
                "pear/archive_tar": "1.3.*",
                "phpunit/phpunit": "4.2.*"
            },
            "type": "library",
            "autoload": {
                "classmap": [
                    "tests/MagentoTarToConnectBaseTest.php"
                ]
            },
            "authors": [
                {
                    "name": "Alan Storm",
                    "email": "astorm@alanstorm.com"
                }
            ],
            "description": "A duct-tape shell script for packaging Magento Extenstions",
            "time": "2014-09-24 03:02:48"
        }
    ],
    "packages-dev": [],
    "aliases": [],
    "minimum-stability": "stable",
    "stability-flags": {
        "pulsestorm/magento-tar-to-connect": 20
    },
    "prefer-stable": false,
    "prefer-lowest": false,
    "platform": [],
    "platform-dev": []
}
